{
  "name": "Space Shooter",
  "lockfileVersion": 2,
  "requires": true,
  "packages": {
    "": {
      "dependencies": {
        "@fourstar/bitwise": "file:../../game",
        "ammo.js": "file:../../game/node_modules/ammo.js",
        "bitecs": "file:../../game/node_modules/bitecs",
        "three": "file:../../game/node_modules/three"
      },
      "devDependencies": {
        "@types/three": "file:../../editor/node_modules/@types/three",
        "tslib": "file:../../editor/node_modules/tslib",
        "typescript": "file:../../editor/node_modules/typescript"
      }
    },
    "node_modules/@fourstar/bitwise": {
      "version": "0.0.2",
      "resolved": "file:../../game",
      "bundleDependencies": [
        "ammo.js",
        "bitecs",
        "three"
      ],
      "license": "MIT",
      "dependencies": {
        "ammo.js": "^0.0.10",
        "bitecs": "^0.3.38",
        "three": "^0.146.0"
      }
    },
    "node_modules/@fourstar/bitwise/node_modules/ammo.js": {
      "version": "0.0.10",
      "inBundle": true
    },
    "node_modules/@fourstar/bitwise/node_modules/bitecs": {
      "version": "0.3.38",
      "inBundle": true,
      "license": "MPL-2.0"
    },
    "node_modules/@fourstar/bitwise/node_modules/three": {
      "version": "0.146.0",
      "inBundle": true,
      "license": "MIT"
    },
    "node_modules/@types/three": {
      "version": "0.146.0",
      "resolved": "file:../../editor/node_modules/@types/three",
      "dev": true,
      "license": "MIT",
      "dependencies": {
        "@types/webxr": "*"
      }
    },
    "node_modules/@types/webxr": {
      "version": "0.5.0",
      "resolved": "https://registry.npmjs.org/@types/webxr/-/webxr-0.5.0.tgz",
      "integrity": "sha512-IUMDPSXnYIbEO2IereEFcgcqfDREOgmbGqtrMpVPpACTU6pltYLwHgVkrnYv0XhWEcjio9sYEfIEzgn3c7nDqA==",
      "dev": true
    },
    "node_modules/ammo.js": {
      "version": "0.0.10",
      "resolved": "file:../../game/node_modules/ammo.js"
    },
    "node_modules/bitecs": {
      "version": "0.3.38",
      "resolved": "file:../../game/node_modules/bitecs",
      "license": "MPL-2.0"
    },
    "node_modules/three": {
      "version": "0.146.0",
      "resolved": "file:../../game/node_modules/three",
      "license": "MIT"
    },
    "node_modules/tslib": {
      "version": "2.4.1",
      "resolved": "file:../../editor/node_modules/tslib",
      "dev": true,
      "license": "0BSD"
    },
    "node_modules/typescript": {
      "version": "4.9.3",
      "resolved": "file:../../editor/node_modules/typescript",
      "dev": true,
      "license": "Apache-2.0",
      "bin": {
        "tsc": "bin/tsc",
        "tsserver": "bin/tsserver"
      },
      "engines": {
        "node": ">=4.2.0"
      }
    }
  },
  "dependencies": {
    "@fourstar/bitwise": {
      "version": "0.0.2",
      "requires": {
        "ammo.js": "^0.0.10",
        "bitecs": "^0.3.38",
        "three": "^0.146.0"
      },
      "dependencies": {
        "ammo.js": {
          "version": "0.0.10",
          "bundled": true
        },
        "bitecs": {
          "version": "0.3.38",
          "bundled": true
        },
        "three": {
          "version": "0.146.0",
          "bundled": true
        }
      }
    },
    "@types/three": {
      "version": "0.146.0",
      "dev": true,
      "requires": {
        "@types/webxr": "*"
      }
    },
    "@types/webxr": {
      "version": "0.5.0",
      "resolved": "https://registry.npmjs.org/@types/webxr/-/webxr-0.5.0.tgz",
      "integrity": "sha512-IUMDPSXnYIbEO2IereEFcgcqfDREOgmbGqtrMpVPpACTU6pltYLwHgVkrnYv0XhWEcjio9sYEfIEzgn3c7nDqA==",
      "dev": true
    },
    "ammo.js": {
      "version": "0.0.10"
    },
    "bitecs": {
      "version": "0.3.38"
    },
    "three": {
      "version": "0.146.0"
    },
    "tslib": {
      "version": "2.4.1",
      "dev": true
    },
    "typescript": {
      "version": "4.9.3",
      "dev": true
    }
  }
}
