{
  "name": "@bitwise/example-solitaire",
  "version": "0.0.1",
  "lockfileVersion": 2,
  "requires": true,
  "packages": {
    "": {
      "name": "@bitwise/example-solitaire",
      "version": "0.0.1",
      "license": "MIT",
      "dependencies": {
        "shifty": "^2.19.1"
      }
    },
    "node_modules/fsevents": {
      "version": "2.3.2",
      "resolved": "https://registry.npmjs.org/fsevents/-/fsevents-2.3.2.tgz",
      "integrity": "sha512-xiqMQR4xAeHTuB9uWm+fFRcIOgKBMiOBP+eXiyT7jsgVCq1bkVygt00oASowB7EdtpOHaaPgKt812P9ab+DDKA==",
      "hasInstallScript": true,
      "optional": true,
      "os": [
        "darwin"
      ],
      "engines": {
        "node": "^8.16.0 || ^10.6.0 || >=11.0.0"
      }
    },
    "node_modules/shifty": {
      "version": "2.19.1",
      "resolved": "https://registry.npmjs.org/shifty/-/shifty-2.19.1.tgz",
      "integrity": "sha512-7h420vwC2B0IW+v7UlofcEyXwVjslssNHJwPO8nHfI1UC7MSTEdssG21GcoQpULC6+ySo1akQGk5hxVmy16z5A==",
      "optionalDependencies": {
        "fsevents": "^2.3.2"
      }
    }
  },
  "dependencies": {
    "fsevents": {
      "version": "2.3.2",
      "resolved": "https://registry.npmjs.org/fsevents/-/fsevents-2.3.2.tgz",
      "integrity": "sha512-xiqMQR4xAeHTuB9uWm+fFRcIOgKBMiOBP+eXiyT7jsgVCq1bkVygt00oASowB7EdtpOHaaPgKt812P9ab+DDKA==",
      "optional": true
    },
    "shifty": {
      "version": "2.19.1",
      "resolved": "https://registry.npmjs.org/shifty/-/shifty-2.19.1.tgz",
      "integrity": "sha512-7h420vwC2B0IW+v7UlofcEyXwVjslssNHJwPO8nHfI1UC7MSTEdssG21GcoQpULC6+ySo1akQGk5hxVmy16z5A==",
      "requires": {
        "fsevents": "^2.3.2"
      }
    }
  }
}
